Microsoft Visual Studio Solution File, Format Version 12.00
# Visual Studio Version 17
VisualStudioVersion = 17.6.33815.320
MinimumVisualStudioVersion = 10.0.40219.1
Project("{9A19103F-16F7-4668-BE54-9A1E7A4F7556}") = "primary-constructors", "primary-constructors\primary-constructors.csproj", "{180928D3-DDD5-4E27-829A-487A66CC181A}"
EndProject
Project("{9A19103F-16F7-4668-BE54-9A1E7A4F7556}") = "SpreadOperator", "spread-operation\SpreadOperator.csproj", "{F8BFDF94-771F-4521-ACB5-117554593022}"
EndProject
Project("{9A19103F-16F7-4668-BE54-9A1E7A4F7556}") = "CollectionBenchmarkTests", "CollectionBenchmarkTests\CollectionBenchmarkTests.csproj", "{7AB8C602-E433-4BE9-9D5C-9D817A35FAAD}"
EndProject
Global
	GlobalSection(SolutionConfigurationPlatforms) = preSolution
		Debug|Any CPU = Debug|Any CPU
		Release|Any CPU = Release|Any CPU
	EndGlobalSection
	GlobalSection(ProjectConfigurationPlatforms) = postSolution
		{180928D3-DDD5-4E27-829A-487A66CC181A}.Debug|Any CPU.ActiveCfg = Debug|Any CPU
		{180928D3-DDD5-4E27-829A-487A66CC181A}.Debug|Any CPU.Build.0 = Debug|Any CPU
		{180928D3-DDD5-4E27-829A-487A66CC181A}.Release|Any CPU.ActiveCfg = Release|Any CPU
		{180928D3-DDD5-4E27-829A-487A66CC181A}.Release|Any CPU.Build.0 = Release|Any CPU
		{F8BFDF94-771F-4521-ACB5-117554593022}.Debug|Any CPU.ActiveCfg = Debug|Any CPU
		{F8BFDF94-771F-4521-ACB5-117554593022}.Debug|Any CPU.Build.0 = Debug|Any CPU
		{F8BFDF94-771F-4521-ACB5-117554593022}.Release|Any CPU.ActiveCfg = Release|Any CPU
		{F8BFDF94-771F-4521-ACB5-117554593022}.Release|Any CPU.Build.0 = Release|Any CPU
		{7AB8C602-E433-4BE9-9D5C-9D817A35FAAD}.Debug|Any CPU.ActiveCfg = Debug|Any CPU
		{7AB8C602-E433-4BE9-9D5C-9D817A35FAAD}.Debug|Any CPU.Build.0 = Debug|Any CPU
		{7AB8C602-E433-4BE9-9D5C-9D817A35FAAD}.Release|Any CPU.ActiveCfg = Release|Any CPU
		{7AB8C602-E433-4BE9-9D5C-9D817A35FAAD}.Release|Any CPU.Build.0 = Release|Any CPU
	EndGlobalSection
	GlobalSection(SolutionProperties) = preSolution
		HideSolutionNode = FALSE
	EndGlobalSection
	GlobalSection(ExtensibilityGlobals) = postSolution
		SolutionGuid = {38D03A31-D8BE-4D78-A200-35EED1E52740}
	EndGlobalSection
EndGlobal
